{
  "name": "pdjr-skplugin-switchlogic",
  "version": "2.1.0",
  "lockfileVersion": 3,
  "requires": true,
  "packages": {
    "": {
      "name": "pdjr-skplugin-switchlogic",
      "version": "2.1.0",
      "license": "Apache-2.0",
      "dependencies": {
        "baconjs": "^3.0.19"
      },
      "devDependencies": {
        "@types/baconjs": "^3.0.4",
        "@types/node": "^22.5.4"
      }
    },
    "node_modules/@types/baconjs": {
      "version": "3.0.4",
      "resolved": "https://registry.npmjs.org/@types/baconjs/-/baconjs-3.0.4.tgz",
      "integrity": "sha512-MjQzU9eV7ZimqgpWdv7GQpyjlRy0wnWp86Qva+ktZhlKSszKapjBEwu2RSB3dRaD5AKtopdv44KV48sz2/1X4A==",
      "deprecated": "This is a stub types definition. baconjs provides its own type definitions, so you do not need this installed.",
      "dev": true,
      "dependencies": {
        "baconjs": "*"
      }
    },
    "node_modules/@types/node": {
      "version": "22.9.1",
      "resolved": "https://registry.npmjs.org/@types/node/-/node-22.9.1.tgz",
      "integrity": "sha512-p8Yy/8sw1caA8CdRIQBG5tiLHmxtQKObCijiAa9Ez+d4+PRffM4054xbju0msf+cvhJpnFEeNjxmVT/0ipktrg==",
      "dev": true,
      "dependencies": {
        "undici-types": "~6.19.8"
      }
    },
    "node_modules/baconjs": {
      "version": "3.0.19",
      "resolved": "https://registry.npmjs.org/baconjs/-/baconjs-3.0.19.tgz",
      "integrity": "sha512-/h7R6hTql8yk1FxYk/bTALea7fGcSJrUoLHFhX1WEkfI4C2mbR4sPbaNd0EhUIDJi3QwTBWEFHh7xEAaz3A3/A=="
    },
    "node_modules/undici-types": {
      "version": "6.19.8",
      "resolved": "https://registry.npmjs.org/undici-types/-/undici-types-6.19.8.tgz",
      "integrity": "sha512-ve2KP6f/JnbPBFyobGHuerC9g1FYGn/F8n1LWTwNxCEzd6IfqTwUQcNXgEtmmQ6DlRrC1hrSrBnCZPokRrDHjw==",
      "dev": true
    }
  }
}
